<?xml version="1.0" encoding="UTF-8"?>
<!DOCTYPE plist PUBLIC "-//Apple//DTD PLIST 1.0//EN" "http://www.apple.com/DTDs/PropertyList-1.0.dtd">
<plist version="1.0">
<dict>
	<key>archiveVersion</key>
	<string>1</string>
	<key>classes</key>
	<dict/>
	<key>objectVersion</key>
	<string>46</string>
	<key>objects</key>
	<dict>
		<key>061F1A9AC7E541629113AAFF</key>
		<dict>
			<key>includeInIndex</key>
			<string>1</string>
			<key>isa</key>
			<string>PBXFileReference</string>
			<key>lastKnownFileType</key>
			<string>text.xcconfig</string>
			<key>name</key>
			<string>Pods.release.xcconfig</string>
			<key>path</key>
			<string>Pods/Target Support Files/Pods/Pods.release.xcconfig</string>
			<key>sourceTree</key>
			<string>&lt;group&gt;</string>
		</dict>
		<key>163CED761BA3DDF60060FAAB</key>
		<dict>
			<key>children</key>
			<array>
				<string>163CED811BA3DDF60060FAAB</string>
				<string>163CED971BA3DDF60060FAAB</string>
				<string>163CED801BA3DDF60060FAAB</string>
				<string>E37E202FA02E99DDD7C0F538</string>
				<string>2A52BF7CA808F526B55AD7F6</string>
			</array>
			<key>isa</key>
			<string>PBXGroup</string>
			<key>sourceTree</key>
			<string>&lt;group&gt;</string>
		</dict>
		<key>163CED771BA3DDF60060FAAB</key>
		<dict>
			<key>attributes</key>
			<dict>
				<key>LastSwiftUpdateCheck</key>
				<string>0710</string>
				<key>LastUpgradeCheck</key>
				<string>0640</string>
				<key>ORGANIZATIONNAME</key>
				<string>Jacob Banks</string>
				<key>TargetAttributes</key>
				<dict>
					<key>163CED7E1BA3DDF60060FAAB</key>
					<dict>
						<key>CreatedOnToolsVersion</key>
						<string>6.4</string>
					</dict>
					<key>163CED931BA3DDF60060FAAB</key>
					<dict>
						<key>CreatedOnToolsVersion</key>
						<string>6.4</string>
						<key>TestTargetID</key>
						<string>163CED7E1BA3DDF60060FAAB</string>
					</dict>
				</dict>
			</dict>
			<key>buildConfigurationList</key>
			<string>163CED7A1BA3DDF60060FAAB</string>
			<key>compatibilityVersion</key>
			<string>Xcode 3.2</string>
			<key>developmentRegion</key>
			<string>English</string>
			<key>hasScannedForEncodings</key>
			<string>0</string>
			<key>isa</key>
			<string>PBXProject</string>
			<key>knownRegions</key>
			<array>
				<string>en</string>
				<string>Base</string>
			</array>
			<key>mainGroup</key>
			<string>163CED761BA3DDF60060FAAB</string>
			<key>productRefGroup</key>
			<string>163CED801BA3DDF60060FAAB</string>
			<key>projectDirPath</key>
			<string></string>
			<key>projectReferences</key>
			<array/>
			<key>projectRoot</key>
			<string></string>
			<key>targets</key>
			<array>
				<string>163CED7E1BA3DDF60060FAAB</string>
				<string>163CED931BA3DDF60060FAAB</string>
			</array>
		</dict>
		<key>163CED7A1BA3DDF60060FAAB</key>
		<dict>
			<key>buildConfigurations</key>
			<array>
				<string>163CED9C1BA3DDF60060FAAB</string>
				<string>163CED9D1BA3DDF60060FAAB</string>
			</array>
			<key>defaultConfigurationIsVisible</key>
			<string>0</string>
			<key>defaultConfigurationName</key>
			<string>Release</string>
			<key>isa</key>
			<string>XCConfigurationList</string>
		</dict>
		<key>163CED7B1BA3DDF60060FAAB</key>
		<dict>
			<key>buildActionMask</key>
			<string>2147483647</string>
			<key>files</key>
			<array>
				<string>16CD23931BA3E13E00B9A059</string>
				<string>16CD23971BA3F06100B9A059</string>
				<string>16CD23911BA3E13100B9A059</string>
				<string>163CED851BA3DDF60060FAAB</string>
			</array>
			<key>isa</key>
			<string>PBXSourcesBuildPhase</string>
			<key>runOnlyForDeploymentPostprocessing</key>
			<string>0</string>
		</dict>
		<key>163CED7C1BA3DDF60060FAAB</key>
		<dict>
			<key>buildActionMask</key>
			<string>2147483647</string>
			<key>files</key>
			<array>
				<string>34404C5C4C05C8FDEE5956A0</string>
			</array>
			<key>isa</key>
			<string>PBXFrameworksBuildPhase</string>
			<key>runOnlyForDeploymentPostprocessing</key>
			<string>0</string>
		</dict>
		<key>163CED7D1BA3DDF60060FAAB</key>
		<dict>
			<key>buildActionMask</key>
			<string>2147483647</string>
			<key>files</key>
			<array>
				<string>163CED8A1BA3DDF60060FAAB</string>
				<string>16CD23951BA3EC5D00B9A059</string>
				<string>163CED8F1BA3DDF60060FAAB</string>
				<string>163CED8C1BA3DDF60060FAAB</string>
			</array>
			<key>isa</key>
			<string>PBXResourcesBuildPhase</string>
			<key>runOnlyForDeploymentPostprocessing</key>
			<string>0</string>
		</dict>
		<key>163CED7E1BA3DDF60060FAAB</key>
		<dict>
			<key>buildConfigurationList</key>
			<string>163CED9E1BA3DDF60060FAAB</string>
			<key>buildPhases</key>
			<array>
				<string>D2B32FEB46008AA8C2B6CB5A</string>
				<string>163CED7B1BA3DDF60060FAAB</string>
				<string>163CED7C1BA3DDF60060FAAB</string>
				<string>163CED7D1BA3DDF60060FAAB</string>
				<string>25BE7C9DAF8BA783B88DD24D</string>
			</array>
			<key>buildRules</key>
			<array/>
			<key>dependencies</key>
			<array/>
			<key>isa</key>
			<string>PBXNativeTarget</string>
			<key>name</key>
			<string>Intrigue</string>
			<key>productName</key>
			<string>Intrigue</string>
			<key>productReference</key>
			<string>163CED7F1BA3DDF60060FAAB</string>
			<key>productType</key>
			<string>com.apple.product-type.application</string>
		</dict>
		<key>163CED7F1BA3DDF60060FAAB</key>
		<dict>
			<key>explicitFileType</key>
			<string>wrapper.application</string>
			<key>includeInIndex</key>
			<string>0</string>
			<key>isa</key>
			<string>PBXFileReference</string>
			<key>path</key>
			<string>Intrigue.app</string>
			<key>sourceTree</key>
			<string>BUILT_PRODUCTS_DIR</string>
		</dict>
		<key>163CED801BA3DDF60060FAAB</key>
		<dict>
			<key>children</key>
			<array>
				<string>163CED7F1BA3DDF60060FAAB</string>
				<string>163CED941BA3DDF60060FAAB</string>
			</array>
			<key>isa</key>
			<string>PBXGroup</string>
			<key>name</key>
			<string>Products</string>
			<key>sourceTree</key>
			<string>&lt;group&gt;</string>
		</dict>
		<key>163CED811BA3DDF60060FAAB</key>
		<dict>
			<key>children</key>
			<array>
				<string>163CED841BA3DDF60060FAAB</string>
				<string>16CD23901BA3E13100B9A059</string>
				<string>16CD23921BA3E13E00B9A059</string>
				<string>16CD23961BA3F06100B9A059</string>
				<string>163CED881BA3DDF60060FAAB</string>
				<string>163CED8B1BA3DDF60060FAAB</string>
				<string>163CED8D1BA3DDF60060FAAB</string>
				<string>16CD23941BA3EC5D00B9A059</string>
				<string>163CED821BA3DDF60060FAAB</string>
			</array>
			<key>isa</key>
			<string>PBXGroup</string>
			<key>path</key>
			<string>Intrigue</string>
			<key>sourceTree</key>
			<string>&lt;group&gt;</string>
		</dict>
		<key>163CED821BA3DDF60060FAAB</key>
		<dict>
			<key>children</key>
			<array>
				<string>163CED831BA3DDF60060FAAB</string>
			</array>
			<key>isa</key>
			<string>PBXGroup</string>
			<key>name</key>
			<string>Supporting Files</string>
			<key>sourceTree</key>
			<string>&lt;group&gt;</string>
		</dict>
		<key>163CED831BA3DDF60060FAAB</key>
		<dict>
			<key>isa</key>
			<string>PBXFileReference</string>
			<key>lastKnownFileType</key>
			<string>text.plist.xml</string>
			<key>path</key>
			<string>Info.plist</string>
			<key>sourceTree</key>
			<string>&lt;group&gt;</string>
		</dict>
		<key>163CED841BA3DDF60060FAAB</key>
		<dict>
			<key>isa</key>
			<string>PBXFileReference</string>
			<key>lastKnownFileType</key>
			<string>sourcecode.swift</string>
			<key>path</key>
			<string>AppDelegate.swift</string>
			<key>sourceTree</key>
			<string>&lt;group&gt;</string>
		</dict>
		<key>163CED851BA3DDF60060FAAB</key>
		<dict>
			<key>fileRef</key>
			<string>163CED841BA3DDF60060FAAB</string>
			<key>isa</key>
			<string>PBXBuildFile</string>
		</dict>
		<key>163CED881BA3DDF60060FAAB</key>
		<dict>
			<key>children</key>
			<array>
				<string>163CED891BA3DDF60060FAAB</string>
			</array>
			<key>isa</key>
			<string>PBXVariantGroup</string>
			<key>name</key>
			<string>Main.storyboard</string>
			<key>sourceTree</key>
			<string>&lt;group&gt;</string>
		</dict>
		<key>163CED891BA3DDF60060FAAB</key>
		<dict>
			<key>isa</key>
			<string>PBXFileReference</string>
			<key>lastKnownFileType</key>
			<string>file.storyboard</string>
			<key>name</key>
			<string>Base</string>
			<key>path</key>
			<string>Base.lproj/Main.storyboard</string>
			<key>sourceTree</key>
			<string>&lt;group&gt;</string>
		</dict>
		<key>163CED8A1BA3DDF60060FAAB</key>
		<dict>
			<key>fileRef</key>
			<string>163CED881BA3DDF60060FAAB</string>
			<key>isa</key>
			<string>PBXBuildFile</string>
		</dict>
		<key>163CED8B1BA3DDF60060FAAB</key>
		<dict>
			<key>isa</key>
			<string>PBXFileReference</string>
			<key>lastKnownFileType</key>
			<string>folder.assetcatalog</string>
			<key>path</key>
			<string>Images.xcassets</string>
			<key>sourceTree</key>
			<string>&lt;group&gt;</string>
		</dict>
		<key>163CED8C1BA3DDF60060FAAB</key>
		<dict>
			<key>fileRef</key>
			<string>163CED8B1BA3DDF60060FAAB</string>
			<key>isa</key>
			<string>PBXBuildFile</string>
		</dict>
		<key>163CED8D1BA3DDF60060FAAB</key>
		<dict>
			<key>children</key>
			<array>
				<string>163CED8E1BA3DDF60060FAAB</string>
			</array>
			<key>isa</key>
			<string>PBXVariantGroup</string>
			<key>name</key>
			<string>LaunchScreen.xib</string>
			<key>sourceTree</key>
			<string>&lt;group&gt;</string>
		</dict>
		<key>163CED8E1BA3DDF60060FAAB</key>
		<dict>
			<key>isa</key>
			<string>PBXFileReference</string>
			<key>lastKnownFileType</key>
			<string>file.xib</string>
			<key>name</key>
			<string>Base</string>
			<key>path</key>
			<string>Base.lproj/LaunchScreen.xib</string>
			<key>sourceTree</key>
			<string>&lt;group&gt;</string>
		</dict>
		<key>163CED8F1BA3DDF60060FAAB</key>
		<dict>
			<key>fileRef</key>
			<string>163CED8D1BA3DDF60060FAAB</string>
			<key>isa</key>
			<string>PBXBuildFile</string>
		</dict>
		<key>163CED901BA3DDF60060FAAB</key>
		<dict>
			<key>buildActionMask</key>
			<string>2147483647</string>
			<key>files</key>
			<array>
				<string>163CED9B1BA3DDF60060FAAB</string>
			</array>
			<key>isa</key>
			<string>PBXSourcesBuildPhase</string>
			<key>runOnlyForDeploymentPostprocessing</key>
			<string>0</string>
		</dict>
		<key>163CED911BA3DDF60060FAAB</key>
		<dict>
			<key>buildActionMask</key>
			<string>2147483647</string>
			<key>files</key>
			<array/>
			<key>isa</key>
			<string>PBXFrameworksBuildPhase</string>
			<key>runOnlyForDeploymentPostprocessing</key>
			<string>0</string>
		</dict>
		<key>163CED921BA3DDF60060FAAB</key>
		<dict>
			<key>buildActionMask</key>
			<string>2147483647</string>
			<key>files</key>
			<array/>
			<key>isa</key>
			<string>PBXResourcesBuildPhase</string>
			<key>runOnlyForDeploymentPostprocessing</key>
			<string>0</string>
		</dict>
		<key>163CED931BA3DDF60060FAAB</key>
		<dict>
			<key>buildConfigurationList</key>
			<string>163CEDA11BA3DDF60060FAAB</string>
			<key>buildPhases</key>
			<array>
				<string>163CED901BA3DDF60060FAAB</string>
				<string>163CED911BA3DDF60060FAAB</string>
				<string>163CED921BA3DDF60060FAAB</string>
			</array>
			<key>buildRules</key>
			<array/>
			<key>dependencies</key>
			<array>
				<string>163CED961BA3DDF60060FAAB</string>
			</array>
			<key>isa</key>
			<string>PBXNativeTarget</string>
			<key>name</key>
			<string>IntrigueTests</string>
			<key>productName</key>
			<string>IntrigueTests</string>
			<key>productReference</key>
			<string>163CED941BA3DDF60060FAAB</string>
			<key>productType</key>
			<string>com.apple.product-type.bundle.unit-test</string>
		</dict>
		<key>163CED941BA3DDF60060FAAB</key>
		<dict>
			<key>explicitFileType</key>
			<string>wrapper.cfbundle</string>
			<key>includeInIndex</key>
			<string>0</string>
			<key>isa</key>
			<string>PBXFileReference</string>
			<key>path</key>
			<string>IntrigueTests.xctest</string>
			<key>sourceTree</key>
			<string>BUILT_PRODUCTS_DIR</string>
		</dict>
		<key>163CED951BA3DDF60060FAAB</key>
		<dict>
			<key>containerPortal</key>
			<string>163CED771BA3DDF60060FAAB</string>
			<key>isa</key>
			<string>PBXContainerItemProxy</string>
			<key>proxyType</key>
			<string>1</string>
			<key>remoteGlobalIDString</key>
			<string>163CED7E1BA3DDF60060FAAB</string>
			<key>remoteInfo</key>
			<string>Intrigue</string>
		</dict>
		<key>163CED961BA3DDF60060FAAB</key>
		<dict>
			<key>isa</key>
			<string>PBXTargetDependency</string>
			<key>target</key>
			<string>163CED7E1BA3DDF60060FAAB</string>
			<key>targetProxy</key>
			<string>163CED951BA3DDF60060FAAB</string>
		</dict>
		<key>163CED971BA3DDF60060FAAB</key>
		<dict>
			<key>children</key>
			<array>
				<string>163CED9A1BA3DDF60060FAAB</string>
				<string>163CED981BA3DDF60060FAAB</string>
			</array>
			<key>isa</key>
			<string>PBXGroup</string>
			<key>path</key>
			<string>IntrigueTests</string>
			<key>sourceTree</key>
			<string>&lt;group&gt;</string>
		</dict>
		<key>163CED981BA3DDF60060FAAB</key>
		<dict>
			<key>children</key>
			<array>
				<string>163CED991BA3DDF60060FAAB</string>
			</array>
			<key>isa</key>
			<string>PBXGroup</string>
			<key>name</key>
			<string>Supporting Files</string>
			<key>sourceTree</key>
			<string>&lt;group&gt;</string>
		</dict>
		<key>163CED991BA3DDF60060FAAB</key>
		<dict>
			<key>isa</key>
			<string>PBXFileReference</string>
			<key>lastKnownFileType</key>
			<string>text.plist.xml</string>
			<key>path</key>
			<string>Info.plist</string>
			<key>sourceTree</key>
			<string>&lt;group&gt;</string>
		</dict>
		<key>163CED9A1BA3DDF60060FAAB</key>
		<dict>
			<key>isa</key>
			<string>PBXFileReference</string>
			<key>lastKnownFileType</key>
			<string>sourcecode.swift</string>
			<key>path</key>
			<string>IntrigueTests.swift</string>
			<key>sourceTree</key>
			<string>&lt;group&gt;</string>
		</dict>
		<key>163CED9B1BA3DDF60060FAAB</key>
		<dict>
			<key>fileRef</key>
			<string>163CED9A1BA3DDF60060FAAB</string>
			<key>isa</key>
			<string>PBXBuildFile</string>
		</dict>
		<key>163CED9C1BA3DDF60060FAAB</key>
		<dict>
			<key>buildSettings</key>
			<dict>
				<key>ALWAYS_SEARCH_USER_PATHS</key>
				<string>NO</string>
				<key>CLANG_CXX_LANGUAGE_STANDARD</key>
				<string>gnu++0x</string>
				<key>CLANG_CXX_LIBRARY</key>
				<string>libc++</string>
				<key>CLANG_ENABLE_MODULES</key>
				<string>YES</string>
				<key>CLANG_ENABLE_OBJC_ARC</key>
				<string>YES</string>
				<key>CLANG_WARN_BOOL_CONVERSION</key>
				<string>YES</string>
				<key>CLANG_WARN_CONSTANT_CONVERSION</key>
				<string>YES</string>
				<key>CLANG_WARN_DIRECT_OBJC_ISA_USAGE</key>
				<string>YES_ERROR</string>
				<key>CLANG_WARN_EMPTY_BODY</key>
				<string>YES</string>
				<key>CLANG_WARN_ENUM_CONVERSION</key>
				<string>YES</string>
				<key>CLANG_WARN_INT_CONVERSION</key>
				<string>YES</string>
				<key>CLANG_WARN_OBJC_ROOT_CLASS</key>
				<string>YES_ERROR</string>
				<key>CLANG_WARN_UNREACHABLE_CODE</key>
				<string>YES</string>
				<key>CLANG_WARN__DUPLICATE_METHOD_MATCH</key>
				<string>YES</string>
				<key>CODE_SIGN_IDENTITY[sdk=iphoneos*]</key>
				<string>iPhone Developer</string>
				<key>COPY_PHASE_STRIP</key>
				<string>NO</string>
				<key>DEBUG_INFORMATION_FORMAT</key>
				<string>dwarf-with-dsym</string>
				<key>ENABLE_STRICT_OBJC_MSGSEND</key>
				<string>YES</string>
				<key>GCC_C_LANGUAGE_STANDARD</key>
				<string>gnu99</string>
				<key>GCC_DYNAMIC_NO_PIC</key>
				<string>NO</string>
				<key>GCC_NO_COMMON_BLOCKS</key>
				<string>YES</string>
				<key>GCC_OPTIMIZATION_LEVEL</key>
				<string>0</string>
				<key>GCC_PREPROCESSOR_DEFINITIONS</key>
				<array>
					<string>DEBUG=1</string>
					<string>$(inherited)</string>
				</array>
				<key>GCC_SYMBOLS_PRIVATE_EXTERN</key>
				<string>NO</string>
				<key>GCC_WARN_64_TO_32_BIT_CONVERSION</key>
				<string>YES</string>
				<key>GCC_WARN_ABOUT_RETURN_TYPE</key>
				<string>YES_ERROR</string>
				<key>GCC_WARN_UNDECLARED_SELECTOR</key>
				<string>YES</string>
				<key>GCC_WARN_UNINITIALIZED_AUTOS</key>
				<string>YES_AGGRESSIVE</string>
				<key>GCC_WARN_UNUSED_FUNCTION</key>
				<string>YES</string>
				<key>GCC_WARN_UNUSED_VARIABLE</key>
				<string>YES</string>
				<key>IPHONEOS_DEPLOYMENT_TARGET</key>
				<string>8.4</string>
				<key>MTL_ENABLE_DEBUG_INFO</key>
				<string>YES</string>
				<key>ONLY_ACTIVE_ARCH</key>
				<string>YES</string>
				<key>SDKROOT</key>
				<string>iphoneos</string>
				<key>SWIFT_OPTIMIZATION_LEVEL</key>
				<string>-Onone</string>
			</dict>
			<key>isa</key>
			<string>XCBuildConfiguration</string>
			<key>name</key>
			<string>Debug</string>
		</dict>
		<key>163CED9D1BA3DDF60060FAAB</key>
		<dict>
			<key>buildSettings</key>
			<dict>
				<key>ALWAYS_SEARCH_USER_PATHS</key>
				<string>NO</string>
				<key>CLANG_CXX_LANGUAGE_STANDARD</key>
				<string>gnu++0x</string>
				<key>CLANG_CXX_LIBRARY</key>
				<string>libc++</string>
				<key>CLANG_ENABLE_MODULES</key>
				<string>YES</string>
				<key>CLANG_ENABLE_OBJC_ARC</key>
				<string>YES</string>
				<key>CLANG_WARN_BOOL_CONVERSION</key>
				<string>YES</string>
				<key>CLANG_WARN_CONSTANT_CONVERSION</key>
				<string>YES</string>
				<key>CLANG_WARN_DIRECT_OBJC_ISA_USAGE</key>
				<string>YES_ERROR</string>
				<key>CLANG_WARN_EMPTY_BODY</key>
				<string>YES</string>
				<key>CLANG_WARN_ENUM_CONVERSION</key>
				<string>YES</string>
				<key>CLANG_WARN_INT_CONVERSION</key>
				<string>YES</string>
				<key>CLANG_WARN_OBJC_ROOT_CLASS</key>
				<string>YES_ERROR</string>
				<key>CLANG_WARN_UNREACHABLE_CODE</key>
				<string>YES</string>
				<key>CLANG_WARN__DUPLICATE_METHOD_MATCH</key>
				<string>YES</string>
				<key>CODE_SIGN_IDENTITY[sdk=iphoneos*]</key>
				<string>iPhone Developer</string>
				<key>COPY_PHASE_STRIP</key>
				<string>NO</string>
				<key>DEBUG_INFORMATION_FORMAT</key>
				<string>dwarf-with-dsym</string>
				<key>ENABLE_NS_ASSERTIONS</key>
				<string>NO</string>
				<key>ENABLE_STRICT_OBJC_MSGSEND</key>
				<string>YES</string>
				<key>GCC_C_LANGUAGE_STANDARD</key>
				<string>gnu99</string>
				<key>GCC_NO_COMMON_BLOCKS</key>
				<string>YES</string>
				<key>GCC_WARN_64_TO_32_BIT_CONVERSION</key>
				<string>YES</string>
				<key>GCC_WARN_ABOUT_RETURN_TYPE</key>
				<string>YES_ERROR</string>
				<key>GCC_WARN_UNDECLARED_SELECTOR</key>
				<string>YES</string>
				<key>GCC_WARN_UNINITIALIZED_AUTOS</key>
				<string>YES_AGGRESSIVE</string>
				<key>GCC_WARN_UNUSED_FUNCTION</key>
				<string>YES</string>
				<key>GCC_WARN_UNUSED_VARIABLE</key>
				<string>YES</string>
				<key>IPHONEOS_DEPLOYMENT_TARGET</key>
				<string>8.4</string>
				<key>MTL_ENABLE_DEBUG_INFO</key>
				<string>NO</string>
				<key>SDKROOT</key>
				<string>iphoneos</string>
				<key>VALIDATE_PRODUCT</key>
				<string>YES</string>
			</dict>
			<key>isa</key>
			<string>XCBuildConfiguration</string>
			<key>name</key>
			<string>Release</string>
		</dict>
		<key>163CED9E1BA3DDF60060FAAB</key>
		<dict>
			<key>buildConfigurations</key>
			<array>
				<string>163CED9F1BA3DDF60060FAAB</string>
				<string>163CEDA01BA3DDF60060FAAB</string>
			</array>
			<key>defaultConfigurationIsVisible</key>
			<string>0</string>
			<key>defaultConfigurationName</key>
			<string>Release</string>
			<key>isa</key>
			<string>XCConfigurationList</string>
		</dict>
		<key>163CED9F1BA3DDF60060FAAB</key>
		<dict>
			<key>baseConfigurationReference</key>
			<string>E7B645A5B6C7F964287BF38D</string>
			<key>buildSettings</key>
			<dict>
				<key>ASSETCATALOG_COMPILER_APPICON_NAME</key>
				<string>AppIcon</string>
				<key>INFOPLIST_FILE</key>
				<string>Intrigue/Info.plist</string>
				<key>LD_RUNPATH_SEARCH_PATHS</key>
				<string>$(inherited) @executable_path/Frameworks</string>
				<key>PRODUCT_NAME</key>
				<string>$(TARGET_NAME)</string>
			</dict>
			<key>isa</key>
			<string>XCBuildConfiguration</string>
			<key>name</key>
			<string>Debug</string>
		</dict>
		<key>163CEDA01BA3DDF60060FAAB</key>
		<dict>
			<key>baseConfigurationReference</key>
			<string>061F1A9AC7E541629113AAFF</string>
			<key>buildSettings</key>
			<dict>
				<key>ASSETCATALOG_COMPILER_APPICON_NAME</key>
				<string>AppIcon</string>
				<key>INFOPLIST_FILE</key>
				<string>Intrigue/Info.plist</string>
				<key>LD_RUNPATH_SEARCH_PATHS</key>
				<string>$(inherited) @executable_path/Frameworks</string>
				<key>PRODUCT_NAME</key>
				<string>$(TARGET_NAME)</string>
			</dict>
			<key>isa</key>
			<string>XCBuildConfiguration</string>
			<key>name</key>
			<string>Release</string>
		</dict>
		<key>163CEDA11BA3DDF60060FAAB</key>
		<dict>
			<key>buildConfigurations</key>
			<array>
				<string>163CEDA21BA3DDF60060FAAB</string>
				<string>163CEDA31BA3DDF60060FAAB</string>
			</array>
			<key>defaultConfigurationIsVisible</key>
			<string>0</string>
			<key>defaultConfigurationName</key>
			<string>Release</string>
			<key>isa</key>
			<string>XCConfigurationList</string>
		</dict>
		<key>163CEDA21BA3DDF60060FAAB</key>
		<dict>
			<key>buildSettings</key>
			<dict>
				<key>BUNDLE_LOADER</key>
				<string>$(TEST_HOST)</string>
				<key>FRAMEWORK_SEARCH_PATHS</key>
				<array>
					<string>$(SDKROOT)/Developer/Library/Frameworks</string>
					<string>$(inherited)</string>
				</array>
				<key>GCC_PREPROCESSOR_DEFINITIONS</key>
				<array>
					<string>DEBUG=1</string>
					<string>$(inherited)</string>
				</array>
				<key>INFOPLIST_FILE</key>
				<string>IntrigueTests/Info.plist</string>
				<key>LD_RUNPATH_SEARCH_PATHS</key>
				<string>$(inherited) @executable_path/Frameworks @loader_path/Frameworks</string>
				<key>PRODUCT_NAME</key>
				<string>$(TARGET_NAME)</string>
				<key>TEST_HOST</key>
				<string>$(BUILT_PRODUCTS_DIR)/Intrigue.app/Intrigue</string>
			</dict>
			<key>isa</key>
			<string>XCBuildConfiguration</string>
			<key>name</key>
			<string>Debug</string>
		</dict>
		<key>163CEDA31BA3DDF60060FAAB</key>
		<dict>
			<key>buildSettings</key>
			<dict>
				<key>BUNDLE_LOADER</key>
				<string>$(TEST_HOST)</string>
				<key>FRAMEWORK_SEARCH_PATHS</key>
				<array>
					<string>$(SDKROOT)/Developer/Library/Frameworks</string>
					<string>$(inherited)</string>
				</array>
				<key>INFOPLIST_FILE</key>
				<string>IntrigueTests/Info.plist</string>
				<key>LD_RUNPATH_SEARCH_PATHS</key>
				<string>$(inherited) @executable_path/Frameworks @loader_path/Frameworks</string>
				<key>PRODUCT_NAME</key>
				<string>$(TARGET_NAME)</string>
				<key>TEST_HOST</key>
				<string>$(BUILT_PRODUCTS_DIR)/Intrigue.app/Intrigue</string>
			</dict>
			<key>isa</key>
			<string>XCBuildConfiguration</string>
			<key>name</key>
			<string>Release</string>
		</dict>
		<key>16CD23901BA3E13100B9A059</key>
		<dict>
			<key>fileEncoding</key>
			<string>4</string>
			<key>isa</key>
			<string>PBXFileReference</string>
			<key>lastKnownFileType</key>
			<string>sourcecode.swift</string>
			<key>name</key>
			<string>loginViewController.swift</string>
			<key>path</key>
			<string>../loginViewController.swift</string>
			<key>sourceTree</key>
			<string>&lt;group&gt;</string>
		</dict>
		<key>16CD23911BA3E13100B9A059</key>
		<dict>
			<key>fileRef</key>
			<string>16CD23901BA3E13100B9A059</string>
			<key>isa</key>
			<string>PBXBuildFile</string>
		</dict>
		<key>16CD23921BA3E13E00B9A059</key>
		<dict>
			<key>fileEncoding</key>
			<string>4</string>
			<key>isa</key>
			<string>PBXFileReference</string>
			<key>lastKnownFileType</key>
			<string>sourcecode.swift</string>
			<key>name</key>
			<string>servicesTVC.swift</string>
			<key>path</key>
			<string>../servicesTVC.swift</string>
			<key>sourceTree</key>
			<string>&lt;group&gt;</string>
		</dict>
		<key>16CD23931BA3E13E00B9A059</key>
		<dict>
			<key>fileRef</key>
			<string>16CD23921BA3E13E00B9A059</string>
			<key>isa</key>
			<string>PBXBuildFile</string>
		</dict>
		<key>16CD23941BA3EC5D00B9A059</key>
		<dict>
			<key>isa</key>
			<string>PBXFileReference</string>
			<key>lastKnownFileType</key>
			<string>image.png</string>
			<key>path</key>
			<string>uber.png</string>
			<key>sourceTree</key>
			<string>&lt;group&gt;</string>
		</dict>
		<key>16CD23951BA3EC5D00B9A059</key>
		<dict>
			<key>fileRef</key>
			<string>16CD23941BA3EC5D00B9A059</string>
			<key>isa</key>
			<string>PBXBuildFile</string>
		</dict>
		<key>16CD23961BA3F06100B9A059</key>
		<dict>
			<key>fileEncoding</key>
			<string>4</string>
			<key>isa</key>
			<string>PBXFileReference</string>
			<key>lastKnownFileType</key>
			<string>sourcecode.swift</string>
			<key>path</key>
			<string>messagesTVC.swift</string>
			<key>sourceTree</key>
			<string>&lt;group&gt;</string>
		</dict>
		<key>16CD23971BA3F06100B9A059</key>
		<dict>
			<key>fileRef</key>
			<string>16CD23961BA3F06100B9A059</string>
			<key>isa</key>
			<string>PBXBuildFile</string>
		</dict>
		<key>25BE7C9DAF8BA783B88DD24D</key>
		<dict>
			<key>buildActionMask</key>
			<string>2147483647</string>
			<key>files</key>
			<array/>
			<key>inputPaths</key>
			<array/>
			<key>isa</key>
			<string>PBXShellScriptBuildPhase</string>
			<key>name</key>
			<string>Copy Pods Resources</string>
			<key>outputPaths</key>
			<array/>
			<key>runOnlyForDeploymentPostprocessing</key>
			<string>0</string>
			<key>shellPath</key>
			<string>/bin/sh</string>
			<key>shellScript</key>
			<string>"${SRCROOT}/Pods/Target Support Files/Pods/Pods-resources.sh"
</string>
			<key>showEnvVarsInLog</key>
			<string>0</string>
		</dict>
		<key>2A52BF7CA808F526B55AD7F6</key>
		<dict>
			<key>children</key>
			<array>
				<string>7D0E3D47408BA64771979E9C</string>
			</array>
			<key>isa</key>
			<string>PBXGroup</string>
			<key>name</key>
			<string>Frameworks</string>
			<key>sourceTree</key>
			<string>&lt;group&gt;</string>
		</dict>
		<key>34404C5C4C05C8FDEE5956A0</key>
		<dict>
			<key>fileRef</key>
			<string>7D0E3D47408BA64771979E9C</string>
			<key>isa</key>
			<string>PBXBuildFile</string>
		</dict>
		<key>7D0E3D47408BA64771979E9C</key>
		<dict>
			<key>explicitFileType</key>
			<string>archive.ar</string>
			<key>includeInIndex</key>
			<string>0</string>
			<key>isa</key>
			<string>PBXFileReference</string>
			<key>path</key>
			<string>libPods.a</string>
			<key>sourceTree</key>
			<string>BUILT_PRODUCTS_DIR</string>
		</dict>
		<key>D2B32FEB46008AA8C2B6CB5A</key>
		<dict>
			<key>buildActionMask</key>
			<string>2147483647</string>
			<key>files</key>
			<array/>
			<key>inputPaths</key>
			<array/>
			<key>isa</key>
			<string>PBXShellScriptBuildPhase</string>
			<key>name</key>
			<string>Check Pods Manifest.lock</string>
			<key>outputPaths</key>
			<array/>
			<key>runOnlyForDeploymentPostprocessing</key>
			<string>0</string>
			<key>shellPath</key>
			<string>/bin/sh</string>
			<key>shellScript</key>
			<string>diff "${PODS_ROOT}/../Podfile.lock" "${PODS_ROOT}/Manifest.lock" &gt; /dev/null
if [[ $? != 0 ]] ; then
    cat &lt;&lt; EOM
error: The sandbox is not in sync with the Podfile.lock. Run 'pod install' or update your CocoaPods installation.
EOM
    exit 1
fi
</string>
			<key>showEnvVarsInLog</key>
			<string>0</string>
		</dict>
		<key>E37E202FA02E99DDD7C0F538</key>
		<dict>
			<key>children</key>
			<array>
				<string>E7B645A5B6C7F964287BF38D</string>
				<string>061F1A9AC7E541629113AAFF</string>
			</array>
			<key>isa</key>
			<string>PBXGroup</string>
			<key>name</key>
			<string>Pods</string>
			<key>sourceTree</key>
			<string>&lt;group&gt;</string>
		</dict>
		<key>E7B645A5B6C7F964287BF38D</key>
		<dict>
			<key>includeInIndex</key>
			<string>1</string>
			<key>isa</key>
			<string>PBXFileReference</string>
			<key>lastKnownFileType</key>
			<string>text.xcconfig</string>
			<key>name</key>
			<string>Pods.debug.xcconfig</string>
			<key>path</key>
			<string>Pods/Target Support Files/Pods/Pods.debug.xcconfig</string>
			<key>sourceTree</key>
			<string>&lt;group&gt;</string>
		</dict>
	</dict>
	<key>rootObject</key>
	<string>163CED771BA3DDF60060FAAB</string>
</dict>
</plist>
