// !$*UTF8*$!
{
	archiveVersion = 1;
	classes = {
	};
	objectVersion = 46;
	objects = {

/* Begin PBXBuildFile section */
		163CED851BA3DDF60060FAAB /* AppDelegate.swift in Sources */ = {isa = PBXBuildFile; fileRef = 163CED841BA3DDF60060FAAB /* AppDelegate.swift */; };
		163CED8A1BA3DDF60060FAAB /* Main.storyboard in Resources */ = {isa = PBXBuildFile; fileRef = 163CED881BA3DDF60060FAAB /* Main.storyboard */; };
		163CED8C1BA3DDF60060FAAB /* Images.xcassets in Resources */ = {isa = PBXBuildFile; fileRef = 163CED8B1BA3DDF60060FAAB /* Images.xcassets */; };
		163CED8F1BA3DDF60060FAAB /* LaunchScreen.xib in Resources */ = {isa = PBXBuildFile; fileRef = 163CED8D1BA3DDF60060FAAB /* LaunchScreen.xib */; };
		16B7C3D71BA4063900EC2A8F /* Message.swift in Sources */ = {isa = PBXBuildFile; fileRef = 16B7C3D61BA4063900EC2A8F /* Message.swift */; };
		16CD23951BA3EC5D00B9A059 /* uber.png in Resources */ = {isa = PBXBuildFile; fileRef = 16CD23941BA3EC5D00B9A059 /* uber.png */; };
		34404C5C4C05C8FDEE5956A0 /* libPods.a in Frameworks */ = {isa = PBXBuildFile; fileRef = 7D0E3D47408BA64771979E9C /* libPods.a */; };
		ABF35DF91BA4109A0029B9C2 /* LoginViewController.swift in Sources */ = {isa = PBXBuildFile; fileRef = ABF35DF81BA4109A0029B9C2 /* LoginViewController.swift */; };
		ABF35DFB1BA410A00029B9C2 /* MessagesViewController.swift in Sources */ = {isa = PBXBuildFile; fileRef = ABF35DFA1BA410A00029B9C2 /* MessagesViewController.swift */; };
		ABF35DFD1BA410B20029B9C2 /* ServicesTableViewController.swift in Sources */ = {isa = PBXBuildFile; fileRef = ABF35DFC1BA410B20029B9C2 /* ServicesTableViewController.swift */; };
/* End PBXBuildFile section */

/* Begin PBXFileReference section */
		061F1A9AC7E541629113AAFF /* Pods.release.xcconfig */ = {isa = PBXFileReference; includeInIndex = 1; lastKnownFileType = text.xcconfig; name = Pods.release.xcconfig; path = "Pods/Target Support Files/Pods/Pods.release.xcconfig"; sourceTree = "<group>"; };
		163CED7F1BA3DDF60060FAAB /* Intrigue.app */ = {isa = PBXFileReference; explicitFileType = wrapper.application; includeInIndex = 0; path = Intrigue.app; sourceTree = BUILT_PRODUCTS_DIR; };
		163CED831BA3DDF60060FAAB /* Info.plist */ = {isa = PBXFileReference; lastKnownFileType = text.plist.xml; path = Info.plist; sourceTree = "<group>"; };
		163CED841BA3DDF60060FAAB /* AppDelegate.swift */ = {isa = PBXFileReference; lastKnownFileType = sourcecode.swift; path = AppDelegate.swift; sourceTree = "<group>"; };
		163CED891BA3DDF60060FAAB /* Base */ = {isa = PBXFileReference; lastKnownFileType = file.storyboard; name = Base; path = Base.lproj/Main.storyboard; sourceTree = "<group>"; };
		163CED8B1BA3DDF60060FAAB /* Images.xcassets */ = {isa = PBXFileReference; lastKnownFileType = folder.assetcatalog; path = Images.xcassets; sourceTree = "<group>"; };
		163CED8E1BA3DDF60060FAAB /* Base */ = {isa = PBXFileReference; lastKnownFileType = file.xib; name = Base; path = Base.lproj/LaunchScreen.xib; sourceTree = "<group>"; };
		163CED991BA3DDF60060FAAB /* Info.plist */ = {isa = PBXFileReference; lastKnownFileType = text.plist.xml; path = Info.plist; sourceTree = "<group>"; };
		163CED9A1BA3DDF60060FAAB /* IntrigueTests.swift */ = {isa = PBXFileReference; lastKnownFileType = sourcecode.swift; path = IntrigueTests.swift; sourceTree = "<group>"; };
		16B7C3D61BA4063900EC2A8F /* Message.swift */ = {isa = PBXFileReference; fileEncoding = 4; lastKnownFileType = sourcecode.swift; path = Message.swift; sourceTree = "<group>"; };
		16CD23941BA3EC5D00B9A059 /* uber.png */ = {isa = PBXFileReference; lastKnownFileType = image.png; path = uber.png; sourceTree = "<group>"; };
		7D0E3D47408BA64771979E9C /* libPods.a */ = {isa = PBXFileReference; explicitFileType = archive.ar; includeInIndex = 0; path = libPods.a; sourceTree = BUILT_PRODUCTS_DIR; };
		ABF35DF81BA4109A0029B9C2 /* LoginViewController.swift */ = {isa = PBXFileReference; fileEncoding = 4; lastKnownFileType = sourcecode.swift; path = LoginViewController.swift; sourceTree = "<group>"; };
		ABF35DFA1BA410A00029B9C2 /* MessagesViewController.swift */ = {isa = PBXFileReference; fileEncoding = 4; lastKnownFileType = sourcecode.swift; path = MessagesViewController.swift; sourceTree = "<group>"; };
		ABF35DFC1BA410B20029B9C2 /* ServicesTableViewController.swift */ = {isa = PBXFileReference; fileEncoding = 4; lastKnownFileType = sourcecode.swift; path = ServicesTableViewController.swift; sourceTree = "<group>"; };
		ABF35DFE1BA413B30029B9C2 /* Intrigue-Bridging-Header.h */ = {isa = PBXFileReference; lastKnownFileType = sourcecode.c.h; path = "Intrigue-Bridging-Header.h"; sourceTree = "<group>"; };
		E7B645A5B6C7F964287BF38D /* Pods.debug.xcconfig */ = {isa = PBXFileReference; includeInIndex = 1; lastKnownFileType = text.xcconfig; name = Pods.debug.xcconfig; path = "Pods/Target Support Files/Pods/Pods.debug.xcconfig"; sourceTree = "<group>"; };
/* End PBXFileReference section */

/* Begin PBXFrameworksBuildPhase section */
		163CED7C1BA3DDF60060FAAB /* Frameworks */ = {
			isa = PBXFrameworksBuildPhase;
			buildActionMask = 2147483647;
			files = (
				34404C5C4C05C8FDEE5956A0 /* libPods.a in Frameworks */,
			);
			runOnlyForDeploymentPostprocessing = 0;
		};
/* End PBXFrameworksBuildPhase section */

/* Begin PBXGroup section */
		163CED761BA3DDF60060FAAB = {
			isa = PBXGroup;
			children = (
				163CED811BA3DDF60060FAAB /* Intrigue */,
				163CED971BA3DDF60060FAAB /* IntrigueTests */,
				163CED801BA3DDF60060FAAB /* Products */,
				E37E202FA02E99DDD7C0F538 /* Pods */,
				2A52BF7CA808F526B55AD7F6 /* Frameworks */,
			);
			sourceTree = "<group>";
		};
		163CED801BA3DDF60060FAAB /* Products */ = {
			isa = PBXGroup;
			children = (
				163CED7F1BA3DDF60060FAAB /* Intrigue.app */,
			);
			name = Products;
			sourceTree = "<group>";
		};
		163CED811BA3DDF60060FAAB /* Intrigue */ = {
			isa = PBXGroup;
			children = (
				163CED841BA3DDF60060FAAB /* AppDelegate.swift */,
				ABF35DF81BA4109A0029B9C2 /* LoginViewController.swift */,
				ABF35DFA1BA410A00029B9C2 /* MessagesViewController.swift */,
				ABF35DFC1BA410B20029B9C2 /* ServicesTableViewController.swift */,
				16B7C3D61BA4063900EC2A8F /* Message.swift */,
				163CED881BA3DDF60060FAAB /* Main.storyboard */,
				163CED8B1BA3DDF60060FAAB /* Images.xcassets */,
				163CED8D1BA3DDF60060FAAB /* LaunchScreen.xib */,
				ABF35DFE1BA413B30029B9C2 /* Intrigue-Bridging-Header.h */,
				163CED821BA3DDF60060FAAB /* Supporting Files */,
			);
			path = Intrigue;
			sourceTree = "<group>";
		};
		163CED821BA3DDF60060FAAB /* Supporting Files */ = {
			isa = PBXGroup;
			children = (
				16CD23941BA3EC5D00B9A059 /* uber.png */,
				163CED831BA3DDF60060FAAB /* Info.plist */,
			);
			name = "Supporting Files";
			sourceTree = "<group>";
		};
		163CED971BA3DDF60060FAAB /* IntrigueTests */ = {
			isa = PBXGroup;
			children = (
				163CED9A1BA3DDF60060FAAB /* IntrigueTests.swift */,
				163CED981BA3DDF60060FAAB /* Supporting Files */,
			);
			path = IntrigueTests;
			sourceTree = "<group>";
		};
		163CED981BA3DDF60060FAAB /* Supporting Files */ = {
			isa = PBXGroup;
			children = (
				163CED991BA3DDF60060FAAB /* Info.plist */,
			);
			name = "Supporting Files";
			sourceTree = "<group>";
		};
		2A52BF7CA808F526B55AD7F6 /* Frameworks */ = {
			isa = PBXGroup;
			children = (
				7D0E3D47408BA64771979E9C /* libPods.a */,
			);
			name = Frameworks;
			sourceTree = "<group>";
		};
		E37E202FA02E99DDD7C0F538 /* Pods */ = {
			isa = PBXGroup;
			children = (
				E7B645A5B6C7F964287BF38D /* Pods.debug.xcconfig */,
				061F1A9AC7E541629113AAFF /* Pods.release.xcconfig */,
			);
			name = Pods;
			sourceTree = "<group>";
		};
/* End PBXGroup section */

/* Begin PBXNativeTarget section */
		163CED7E1BA3DDF60060FAAB /* Intrigue */ = {
			isa = PBXNativeTarget;
			buildConfigurationList = 163CED9E1BA3DDF60060FAAB /* Build configuration list for PBXNativeTarget "Intrigue" */;
			buildPhases = (
				D2B32FEB46008AA8C2B6CB5A /* Check Pods Manifest.lock */,
				163CED7B1BA3DDF60060FAAB /* Sources */,
				163CED7C1BA3DDF60060FAAB /* Frameworks */,
				163CED7D1BA3DDF60060FAAB /* Resources */,
				25BE7C9DAF8BA783B88DD24D /* Copy Pods Resources */,
			);
			buildRules = (
			);
			dependencies = (
			);
			name = Intrigue;
			productName = Intrigue;
			productReference = 163CED7F1BA3DDF60060FAAB /* Intrigue.app */;
			productType = "com.apple.product-type.application";
		};
/* End PBXNativeTarget section */

/* Begin PBXProject section */
		163CED771BA3DDF60060FAAB /* Project object */ = {
			isa = PBXProject;
			attributes = {
				LastSwiftUpdateCheck = 0710;
				LastUpgradeCheck = 0640;
				ORGANIZATIONNAME = "Jacob Banks";
				TargetAttributes = {
					163CED7E1BA3DDF60060FAAB = {
						CreatedOnToolsVersion = 6.4;
					};
				};
			};
			buildConfigurationList = 163CED7A1BA3DDF60060FAAB /* Build configuration list for PBXProject "Intrigue" */;
			compatibilityVersion = "Xcode 3.2";
			developmentRegion = English;
			hasScannedForEncodings = 0;
			knownRegions = (
				en,
				Base,
			);
			mainGroup = 163CED761BA3DDF60060FAAB;
			productRefGroup = 163CED801BA3DDF60060FAAB /* Products */;
			projectDirPath = "";
			projectRoot = "";
			targets = (
				163CED7E1BA3DDF60060FAAB /* Intrigue */,
			);
		};
/* End PBXProject section */

/* Begin PBXResourcesBuildPhase section */
		163CED7D1BA3DDF60060FAAB /* Resources */ = {
			isa = PBXResourcesBuildPhase;
			buildActionMask = 2147483647;
			files = (
				163CED8A1BA3DDF60060FAAB /* Main.storyboard in Resources */,
				16CD23951BA3EC5D00B9A059 /* uber.png in Resources */,
				163CED8F1BA3DDF60060FAAB /* LaunchScreen.xib in Resources */,
				163CED8C1BA3DDF60060FAAB /* Images.xcassets in Resources */,
			);
			runOnlyForDeploymentPostprocessing = 0;
		};
/* End PBXResourcesBuildPhase section */

/* Begin PBXShellScriptBuildPhase section */
		25BE7C9DAF8BA783B88DD24D /* Copy Pods Resources */ = {
			isa = PBXShellScriptBuildPhase;
			buildActionMask = 2147483647;
			files = (
			);
			inputPaths = (
			);
			name = "Copy Pods Resources";
			outputPaths = (
			);
			runOnlyForDeploymentPostprocessing = 0;
			shellPath = /bin/sh;
			shellScript = "\"${SRCROOT}/Pods/Target Support Files/Pods/Pods-resources.sh\"\n";
			showEnvVarsInLog = 0;
		};
		D2B32FEB46008AA8C2B6CB5A /* Check Pods Manifest.lock */ = {
			isa = PBXShellScriptBuildPhase;
			buildActionMask = 2147483647;
			files = (
			);
			inputPaths = (
			);
			name = "Check Pods Manifest.lock";
			outputPaths = (
			);
			runOnlyForDeploymentPostprocessing = 0;
			shellPath = /bin/sh;
			shellScript = "diff \"${PODS_ROOT}/../Podfile.lock\" \"${PODS_ROOT}/Manifest.lock\" > /dev/null\nif [[ $? != 0 ]] ; then\n    cat << EOM\nerror: The sandbox is not in sync with the Podfile.lock. Run 'pod install' or update your CocoaPods installation.\nEOM\n    exit 1\nfi\n";
			showEnvVarsInLog = 0;
		};
/* End PBXShellScriptBuildPhase section */

/* Begin PBXSourcesBuildPhase section */
		163CED7B1BA3DDF60060FAAB /* Sources */ = {
			isa = PBXSourcesBuildPhase;
			buildActionMask = 2147483647;
			files = (
				ABF35DF91BA4109A0029B9C2 /* LoginViewController.swift in Sources */,
				16B7C3D71BA4063900EC2A8F /* Message.swift in Sources */,
				ABF35DFB1BA410A00029B9C2 /* MessagesViewController.swift in Sources */,
				163CED851BA3DDF60060FAAB /* AppDelegate.swift in Sources */,
				ABF35DFD1BA410B20029B9C2 /* ServicesTableViewController.swift in Sources */,
			);
			runOnlyForDeploymentPostprocessing = 0;
		};
/* End PBXSourcesBuildPhase section */

/* Begin PBXVariantGroup section */
		163CED881BA3DDF60060FAAB /* Main.storyboard */ = {
			isa = PBXVariantGroup;
			children = (
				163CED891BA3DDF60060FAAB /* Base */,
			);
			name = Main.storyboard;
			sourceTree = "<group>";
		};
		163CED8D1BA3DDF60060FAAB /* LaunchScreen.xib */ = {
			isa = PBXVariantGroup;
			children = (
				163CED8E1BA3DDF60060FAAB /* Base */,
			);
			name = LaunchScreen.xib;
			sourceTree = "<group>";
		};
/* End PBXVariantGroup section */

/* Begin XCBuildConfiguration section */
		163CED9C1BA3DDF60060FAAB /* Debug */ = {
			isa = XCBuildConfiguration;
			buildSettings = {
				ALWAYS_SEARCH_USER_PATHS = NO;
				CLANG_CXX_LANGUAGE_STANDARD = "gnu++0x";
				CLANG_CXX_LIBRARY = "libc++";
				CLANG_ENABLE_MODULES = YES;
				CLANG_ENABLE_OBJC_ARC = YES;
				CLANG_WARN_BOOL_CONVERSION = YES;
				CLANG_WARN_CONSTANT_CONVERSION = YES;
				CLANG_WARN_DIRECT_OBJC_ISA_USAGE = YES_ERROR;
				CLANG_WARN_EMPTY_BODY = YES;
				CLANG_WARN_ENUM_CONVERSION = YES;
				CLANG_WARN_INT_CONVERSION = YES;
				CLANG_WARN_OBJC_ROOT_CLASS = YES_ERROR;
				CLANG_WARN_UNREACHABLE_CODE = YES;
				CLANG_WARN__DUPLICATE_METHOD_MATCH = YES;
				"CODE_SIGN_IDENTITY[sdk=iphoneos*]" = "iPhone Developer";
				COPY_PHASE_STRIP = NO;
				DEBUG_INFORMATION_FORMAT = "dwarf-with-dsym";
				ENABLE_STRICT_OBJC_MSGSEND = YES;
				GCC_C_LANGUAGE_STANDARD = gnu99;
				GCC_DYNAMIC_NO_PIC = NO;
				GCC_NO_COMMON_BLOCKS = YES;
				GCC_OPTIMIZATION_LEVEL = 0;
				GCC_PREPROCESSOR_DEFINITIONS = (
					"DEBUG=1",
					"$(inherited)",
				);
				GCC_SYMBOLS_PRIVATE_EXTERN = NO;
				GCC_WARN_64_TO_32_BIT_CONVERSION = YES;
				GCC_WARN_ABOUT_RETURN_TYPE = YES_ERROR;
				GCC_WARN_UNDECLARED_SELECTOR = YES;
				GCC_WARN_UNINITIALIZED_AUTOS = YES_AGGRESSIVE;
				GCC_WARN_UNUSED_FUNCTION = YES;
				GCC_WARN_UNUSED_VARIABLE = YES;
				IPHONEOS_DEPLOYMENT_TARGET = 8.4;
				MTL_ENABLE_DEBUG_INFO = YES;
				ONLY_ACTIVE_ARCH = YES;
				SDKROOT = iphoneos;
				SWIFT_OBJC_BRIDGING_HEADER = "$(SRCROOT)/$(PROJECT_NAME)/$(PROJECT_NAME)-Bridging-Header.h";
				"SWIFT_OBJC_BRIDGING_HEADER[arch=*]" = "$(SRCROOT)/$(PROJECT_NAME)/$(PROJECT_NAME)-Bridging-Header.h";
				SWIFT_OPTIMIZATION_LEVEL = "-Onone";
			};
			name = Debug;
		};
		163CED9D1BA3DDF60060FAAB /* Release */ = {
			isa = XCBuildConfiguration;
			buildSettings = {
				ALWAYS_SEARCH_USER_PATHS = NO;
				CLANG_CXX_LANGUAGE_STANDARD = "gnu++0x";
				CLANG_CXX_LIBRARY = "libc++";
				CLANG_ENABLE_MODULES = YES;
				CLANG_ENABLE_OBJC_ARC = YES;
				CLANG_WARN_BOOL_CONVERSION = YES;
				CLANG_WARN_CONSTANT_CONVERSION = YES;
				CLANG_WARN_DIRECT_OBJC_ISA_USAGE = YES_ERROR;
				CLANG_WARN_EMPTY_BODY = YES;
				CLANG_WARN_ENUM_CONVERSION = YES;
				CLANG_WARN_INT_CONVERSION = YES;
				CLANG_WARN_OBJC_ROOT_CLASS = YES_ERROR;
				CLANG_WARN_UNREACHABLE_CODE = YES;
				CLANG_WARN__DUPLICATE_METHOD_MATCH = YES;
				"CODE_SIGN_IDENTITY[sdk=iphoneos*]" = "iPhone Developer";
				COPY_PHASE_STRIP = NO;
				DEBUG_INFORMATION_FORMAT = "dwarf-with-dsym";
				ENABLE_NS_ASSERTIONS = NO;
				ENABLE_STRICT_OBJC_MSGSEND = YES;
				GCC_C_LANGUAGE_STANDARD = gnu99;
				GCC_NO_COMMON_BLOCKS = YES;
				GCC_WARN_64_TO_32_BIT_CONVERSION = YES;
				GCC_WARN_ABOUT_RETURN_TYPE = YES_ERROR;
				GCC_WARN_UNDECLARED_SELECTOR = YES;
				GCC_WARN_UNINITIALIZED_AUTOS = YES_AGGRESSIVE;
				GCC_WARN_UNUSED_FUNCTION = YES;
				GCC_WARN_UNUSED_VARIABLE = YES;
				IPHONEOS_DEPLOYMENT_TARGET = 8.4;
				MTL_ENABLE_DEBUG_INFO = NO;
				SDKROOT = iphoneos;
				SWIFT_OBJC_BRIDGING_HEADER = "$(SRCROOT)/$(PROJECT_NAME)/$(PROJECT_NAME)-Bridging-Header.h";
				VALIDATE_PRODUCT = YES;
			};
			name = Release;
		};
		163CED9F1BA3DDF60060FAAB /* Debug */ = {
			isa = XCBuildConfiguration;
			baseConfigurationReference = E7B645A5B6C7F964287BF38D /* Pods.debug.xcconfig */;
			buildSettings = {
				ASSETCATALOG_COMPILER_APPICON_NAME = AppIcon;
				INFOPLIST_FILE = Intrigue/Info.plist;
				LD_RUNPATH_SEARCH_PATHS = "$(inherited) @executable_path/Frameworks";
				PRODUCT_NAME = "$(TARGET_NAME)";
				SWIFT_OBJC_BRIDGING_HEADER = "Intrigue-Bridging-Header.h";
				"SWIFT_OBJC_BRIDGING_HEADER[arch=*]" = "$(SRCROOT)/$(PROJECT_NAME)/$(PROJECT_NAME)-Bridging-Header.h";
			};
			name = Debug;
		};
		163CEDA01BA3DDF60060FAAB /* Release */ = {
			isa = XCBuildConfiguration;
			baseConfigurationReference = 061F1A9AC7E541629113AAFF /* Pods.release.xcconfig */;
			buildSettings = {
				ASSETCATALOG_COMPILER_APPICON_NAME = AppIcon;
				INFOPLIST_FILE = Intrigue/Info.plist;
				LD_RUNPATH_SEARCH_PATHS = "$(inherited) @executable_path/Frameworks";
				PRODUCT_NAME = "$(TARGET_NAME)";
			};
			name = Release;
		};
/* End XCBuildConfiguration section */

/* Begin XCConfigurationList section */
		163CED7A1BA3DDF60060FAAB /* Build configuration list for PBXProject "Intrigue" */ = {
			isa = XCConfigurationList;
			buildConfigurations = (
				163CED9C1BA3DDF60060FAAB /* Debug */,
				163CED9D1BA3DDF60060FAAB /* Release */,
			);
			defaultConfigurationIsVisible = 0;
			defaultConfigurationName = Release;
		};
		163CED9E1BA3DDF60060FAAB /* Build configuration list for PBXNativeTarget "Intrigue" */ = {
			isa = XCConfigurationList;
			buildConfigurations = (
				163CED9F1BA3DDF60060FAAB /* Debug */,
				163CEDA01BA3DDF60060FAAB /* Release */,
			);
			defaultConfigurationIsVisible = 0;
			defaultConfigurationName = Release;
		};
/* End XCConfigurationList section */
	};
	rootObject = 163CED771BA3DDF60060FAAB /* Project object */;
}
